{
  "requires": true,
  "lockfileVersion": 1,
  "dependencies": {
    "ngx-paypal": {
      "version": "7.0.0",
      "resolved": "https://registry.npmjs.org/ngx-paypal/-/ngx-paypal-7.0.0.tgz",
      "integrity": "sha512-5kiqJbqZh7ETZy5xGTkbbgey/Oj0oViLZZgpWLPT1H23SoKK5ph+cgAj8orIdZLhHmlOpN60qpuP4lpF+OGx6g==",
      "requires": {
        "tslib": "^2.0.0"
      }
    },
    "tslib": {
      "version": "2.2.0",
      "resolved": "https://registry.npmjs.org/tslib/-/tslib-2.2.0.tgz",
      "integrity": "sha512-gS9GVHRU+RGn5KQM2rllAlR3dU6m7AcpJKdtH8gFvQiC4Otgk98XnmMU+nZenHt/+VhnBPWwgrJsyrdcw6i23w=="
    }
  }
}
